
Microsoft Visual Studio Solution File, Format Version 12.00
# Visual Studio Version 17
VisualStudioVersion = 17.7.34031.279
MinimumVisualStudioVersion = 10.0.40219.1
Project("{FAE04EC0-301F-11D3-BF4B-00C04F79EFBC}") = "HotelRoomReservationApi", "HotelRoomReservationApi\HotelRoomReservationApi.csproj", "{C4BF00F3-544F-4400-88AE-A7732C2BF7AB}"
EndProject
Global
	GlobalSection(SolutionConfigurationPlatforms) = preSolution
		Debug|Any CPU = Debug|Any CPU
		Release|Any CPU = Release|Any CPU
	EndGlobalSection
	GlobalSection(ProjectConfigurationPlatforms) = postSolution
		{C4BF00F3-544F-4400-88AE-A7732C2BF7AB}.Debug|Any CPU.ActiveCfg = Debug|Any CPU
		{C4BF00F3-544F-4400-88AE-A7732C2BF7AB}.Debug|Any CPU.Build.0 = Debug|Any CPU
		{C4BF00F3-544F-4400-88AE-A7732C2BF7AB}.Release|Any CPU.ActiveCfg = Release|Any CPU
		{C4BF00F3-544F-4400-88AE-A7732C2BF7AB}.Release|Any CPU.Build.0 = Release|Any CPU
	EndGlobalSection
	GlobalSection(SolutionProperties) = preSolution
		HideSolutionNode = FALSE
	EndGlobalSection
	GlobalSection(ExtensibilityGlobals) = postSolution
		SolutionGuid = {D1481E63-45ED-49D4-8AEA-336DC9F61D55}
	EndGlobalSection
EndGlobal
